
Microsoft Visual Studio Solution File, Format Version 12.00
# Visual Studio Version 17
VisualStudioVersion = 17.5.002.0
MinimumVisualStudioVersion = 10.0.40219.1
Project("{9A19103F-16F7-4668-BE54-9A1E7A4F7556}") = "Eventos.API", "Eventos.API.csproj", "{9D113180-E6AC-47B2-A695-BE4C089FC23C}"
EndProject
Global
	GlobalSection(SolutionConfigurationPlatforms) = preSolution
		Debug|Any CPU = Debug|Any CPU
		Release|Any CPU = Release|Any CPU
	EndGlobalSection
	GlobalSection(ProjectConfigurationPlatforms) = postSolution
		{9D113180-E6AC-47B2-A695-BE4C089FC23C}.Debug|Any CPU.ActiveCfg = Debug|Any CPU
		{9D113180-E6AC-47B2-A695-BE4C089FC23C}.Debug|Any CPU.Build.0 = Debug|Any CPU
		{9D113180-E6AC-47B2-A695-BE4C089FC23C}.Release|Any CPU.ActiveCfg = Release|Any CPU
		{9D113180-E6AC-47B2-A695-BE4C089FC23C}.Release|Any CPU.Build.0 = Release|Any CPU
	EndGlobalSection
	GlobalSection(SolutionProperties) = preSolution
		HideSolutionNode = FALSE
	EndGlobalSection
	GlobalSection(ExtensibilityGlobals) = postSolution
		SolutionGuid = {AF9FB5AF-B12D-4CBC-A558-686F4CA7A2E5}
	EndGlobalSection
EndGlobal
